
Microsoft Visual Studio Solution File, Format Version 12.00
# Visual Studio Version 16
VisualStudioVersion = 16.0.31025.194
MinimumVisualStudioVersion = 10.0.40219.1
Project("{FAE04EC0-301F-11D3-BF4B-00C04F79EFBC}") = "Metodo_Euler", "Metodo_Euler\Metodo_Euler.csproj", "{6B11C8C9-B04A-4FE1-9F77-1F43AF3414C9}"
EndProject
Global
	GlobalSection(SolutionConfigurationPlatforms) = preSolution
		Debug|Any CPU = Debug|Any CPU
		Release|Any CPU = Release|Any CPU
	EndGlobalSection
	GlobalSection(ProjectConfigurationPlatforms) = postSolution
		{6B11C8C9-B04A-4FE1-9F77-1F43AF3414C9}.Debug|Any CPU.ActiveCfg = Debug|Any CPU
		{6B11C8C9-B04A-4FE1-9F77-1F43AF3414C9}.Debug|Any CPU.Build.0 = Debug|Any CPU
		{6B11C8C9-B04A-4FE1-9F77-1F43AF3414C9}.Release|Any CPU.ActiveCfg = Release|Any CPU
		{6B11C8C9-B04A-4FE1-9F77-1F43AF3414C9}.Release|Any CPU.Build.0 = Release|Any CPU
	EndGlobalSection
	GlobalSection(SolutionProperties) = preSolution
		HideSolutionNode = FALSE
	EndGlobalSection
	GlobalSection(ExtensibilityGlobals) = postSolution
		SolutionGuid = {6C95CE9C-EC23-43A4-AD8A-051AC9BF8637}
	EndGlobalSection
EndGlobal
